{
  "socketPath": "/tmp/mcp-Y0QZGB/mcp.sock",
  "scheme": "unix",
  "headers": {
    "Authorization": "Nonce b318f45e-aca4-42ba-9a1a-bde9635261ee"
  },
  "pid": 20993,
  "ideName": "Visual Studio Code",
  "timestamp": 1788170300813,
  "workspaceFolders": [
    "/root/snehuu"
  ],
  "isTrusted": true
}