{
  "socketPath": "/tmp/mcp-OeBpGn/mcp.sock",
  "scheme": "unix",
  "headers": {
    "Authorization": "Nonce 5eece98e-1649-4b8f-a52d-b37167452e1d"
  },
  "pid": 23168,
  "ideName": "Visual Studio Code",
  "timestamp": 1788170730291,
  "workspaceFolders": [
    "/root/flask"
  ],
  "isTrusted": true
}